
Microsoft Visual Studio Solution File, Format Version 12.00
# Visual Studio Version 17
VisualStudioVersion = 17.3.32922.545
MinimumVisualStudioVersion = 10.0.40219.1
Project("{FAE04EC0-301F-11D3-BF4B-00C04F79EFBC}") = "Calculator", "Calculator.csproj", "{51013562-D1A9-4278-B528-459ED0CF4792}"
EndProject
Global
	GlobalSection(SolutionConfigurationPlatforms) = preSolution
		Debug|Any CPU = Debug|Any CPU
		Release|Any CPU = Release|Any CPU
	EndGlobalSection
	GlobalSection(ProjectConfigurationPlatforms) = postSolution
		{51013562-D1A9-4278-B528-459ED0CF4792}.Debug|Any CPU.ActiveCfg = Debug|Any CPU
		{51013562-D1A9-4278-B528-459ED0CF4792}.Debug|Any CPU.Build.0 = Debug|Any CPU
		{51013562-D1A9-4278-B528-459ED0CF4792}.Release|Any CPU.ActiveCfg = Release|Any CPU
		{51013562-D1A9-4278-B528-459ED0CF4792}.Release|Any CPU.Build.0 = Release|Any CPU
	EndGlobalSection
	GlobalSection(SolutionProperties) = preSolution
		HideSolutionNode = FALSE
	EndGlobalSection
	GlobalSection(ExtensibilityGlobals) = postSolution
		SolutionGuid = {73823C5B-3435-41EE-8257-0912D342151F}
	EndGlobalSection
EndGlobal
